// !$*UTF8*$!
{
	archiveVersion = 1;
	classes = {
	};
	objectVersion = 50;
	objects = {

/* Begin PBXBuildFile section */
		6A6923FD26A7B76500F48D97 /* ColoursViewController.swift in Sources */ = {isa = PBXBuildFile; fileRef = 6A6923FC26A7B76500F48D97 /* ColoursViewController.swift */; };
		6A6923FF26A7B77900F48D97 /* QuizViewController.swift in Sources */ = {isa = PBXBuildFile; fileRef = 6A6923FE26A7B77900F48D97 /* QuizViewController.swift */; };
		6A8C7DDC26A53F4900777989 /* AppDelegate.swift in Sources */ = {isa = PBXBuildFile; fileRef = 6A8C7DDB26A53F4900777989 /* AppDelegate.swift */; };
		6A8C7DDE26A53F4900777989 /* SceneDelegate.swift in Sources */ = {isa = PBXBuildFile; fileRef = 6A8C7DDD26A53F4900777989 /* SceneDelegate.swift */; };
		6A8C7DE026A53F4900777989 /* ViewController.swift in Sources */ = {isa = PBXBuildFile; fileRef = 6A8C7DDF26A53F4900777989 /* ViewController.swift */; };
		6A8C7DE326A53F4900777989 /* Main.storyboard in Resources */ = {isa = PBXBuildFile; fileRef = 6A8C7DE126A53F4900777989 /* Main.storyboard */; };
		6A8C7DE626A53F4900777989 /* EsteeLauder2021App.xcdatamodeld in Sources */ = {isa = PBXBuildFile; fileRef = 6A8C7DE426A53F4900777989 /* EsteeLauder2021App.xcdatamodeld */; };
		6A8C7DE826A53F4B00777989 /* Assets.xcassets in Resources */ = {isa = PBXBuildFile; fileRef = 6A8C7DE726A53F4B00777989 /* Assets.xcassets */; };
		6A8C7DEB26A53F4B00777989 /* LaunchScreen.storyboard in Resources */ = {isa = PBXBuildFile; fileRef = 6A8C7DE926A53F4B00777989 /* LaunchScreen.storyboard */; };
		6A8C7DF626A53F4B00777989 /* EsteeLauder2021AppTests.swift in Sources */ = {isa = PBXBuildFile; fileRef = 6A8C7DF526A53F4B00777989 /* EsteeLauder2021AppTests.swift */; };
		6A8C7E0126A53F4B00777989 /* EsteeLauder2021AppUITests.swift in Sources */ = {isa = PBXBuildFile; fileRef = 6A8C7E0026A53F4B00777989 /* EsteeLauder2021AppUITests.swift */; };
/* End PBXBuildFile section */

/* Begin PBXContainerItemProxy section */
		6A8C7DF226A53F4B00777989 /* PBXContainerItemProxy */ = {
			isa = PBXContainerItemProxy;
			containerPortal = 6A8C7DD026A53F4900777989 /* Project object */;
			proxyType = 1;
			remoteGlobalIDString = 6A8C7DD726A53F4900777989;
			remoteInfo = EsteeLauder2021App;
		};
		6A8C7DFD26A53F4B00777989 /* PBXContainerItemProxy */ = {
			isa = PBXContainerItemProxy;
			containerPortal = 6A8C7DD026A53F4900777989 /* Project object */;
			proxyType = 1;
			remoteGlobalIDString = 6A8C7DD726A53F4900777989;
			remoteInfo = EsteeLauder2021App;
		};
/* End PBXContainerItemProxy section */

/* Begin PBXFileReference section */
		6A6923FC26A7B76500F48D97 /* ColoursViewController.swift */ = {isa = PBXFileReference; lastKnownFileType = sourcecode.swift; path = ColoursViewController.swift; sourceTree = "<group>"; };
		6A6923FE26A7B77900F48D97 /* QuizViewController.swift */ = {isa = PBXFileReference; lastKnownFileType = sourcecode.swift; path = QuizViewController.swift; sourceTree = "<group>"; };
		6A8C7DD826A53F4900777989 /* EsteeLauder2021App.app */ = {isa = PBXFileReference; explicitFileType = wrapper.application; includeInIndex = 0; path = EsteeLauder2021App.app; sourceTree = BUILT_PRODUCTS_DIR; };
		6A8C7DDB26A53F4900777989 /* AppDelegate.swift */ = {isa = PBXFileReference; lastKnownFileType = sourcecode.swift; path = AppDelegate.swift; sourceTree = "<group>"; };
		6A8C7DDD26A53F4900777989 /* SceneDelegate.swift */ = {isa = PBXFileReference; lastKnownFileType = sourcecode.swift; path = SceneDelegate.swift; sourceTree = "<group>"; };
		6A8C7DDF26A53F4900777989 /* ViewController.swift */ = {isa = PBXFileReference; lastKnownFileType = sourcecode.swift; path = ViewController.swift; sourceTree = "<group>"; };
		6A8C7DE226A53F4900777989 /* Base */ = {isa = PBXFileReference; lastKnownFileType = file.storyboard; name = Base; path = Base.lproj/Main.storyboard; sourceTree = "<group>"; };
		6A8C7DE526A53F4900777989 /* EsteeLauder2021App.xcdatamodel */ = {isa = PBXFileReference; lastKnownFileType = wrapper.xcdatamodel; path = EsteeLauder2021App.xcdatamodel; sourceTree = "<group>"; };
		6A8C7DE726A53F4B00777989 /* Assets.xcassets */ = {isa = PBXFileReference; lastKnownFileType = folder.assetcatalog; path = Assets.xcassets; sourceTree = "<group>"; };
		6A8C7DEA26A53F4B00777989 /* Base */ = {isa = PBXFileReference; lastKnownFileType = file.storyboard; name = Base; path = Base.lproj/LaunchScreen.storyboard; sourceTree = "<group>"; };
		6A8C7DEC26A53F4B00777989 /* Info.plist */ = {isa = PBXFileReference; lastKnownFileType = text.plist.xml; path = Info.plist; sourceTree = "<group>"; };
		6A8C7DF126A53F4B00777989 /* EsteeLauder2021AppTests.xctest */ = {isa = PBXFileReference; explicitFileType = wrapper.cfbundle; includeInIndex = 0; path = EsteeLauder2021AppTests.xctest; sourceTree = BUILT_PRODUCTS_DIR; };
		6A8C7DF526A53F4B00777989 /* EsteeLauder2021AppTests.swift */ = {isa = PBXFileReference; lastKnownFileType = sourcecode.swift; path = EsteeLauder2021AppTests.swift; sourceTree = "<group>"; };
		6A8C7DF726A53F4B00777989 /* Info.plist */ = {isa = PBXFileReference; lastKnownFileType = text.plist.xml; path = Info.plist; sourceTree = "<group>"; };
		6A8C7DFC26A53F4B00777989 /* EsteeLauder2021AppUITests.xctest */ = {isa = PBXFileReference; explicitFileType = wrapper.cfbundle; includeInIndex = 0; path = EsteeLauder2021AppUITests.xctest; sourceTree = BUILT_PRODUCTS_DIR; };
		6A8C7E0026A53F4B00777989 /* EsteeLauder2021AppUITests.swift */ = {isa = PBXFileReference; lastKnownFileType = sourcecode.swift; path = EsteeLauder2021AppUITests.swift; sourceTree = "<group>"; };
		6A8C7E0226A53F4B00777989 /* Info.plist */ = {isa = PBXFileReference; lastKnownFileType = text.plist.xml; path = Info.plist; sourceTree = "<group>"; };
/* End PBXFileReference section */

/* Begin PBXFrameworksBuildPhase section */
		6A8C7DD526A53F4900777989 /* Frameworks */ = {
			isa = PBXFrameworksBuildPhase;
			buildActionMask = 2147483647;
			files = (
			);
			runOnlyForDeploymentPostprocessing = 0;
		};
		6A8C7DEE26A53F4B00777989 /* Frameworks */ = {
			isa = PBXFrameworksBuildPhase;
			buildActionMask = 2147483647;
			files = (
			);
			runOnlyForDeploymentPostprocessing = 0;
		};
		6A8C7DF926A53F4B00777989 /* Frameworks */ = {
			isa = PBXFrameworksBuildPhase;
			buildActionMask = 2147483647;
			files = (
			);
			runOnlyForDeploymentPostprocessing = 0;
		};
/* End PBXFrameworksBuildPhase section */

/* Begin PBXGroup section */
		6A8C7DCF26A53F4900777989 = {
			isa = PBXGroup;
			children = (
				6A6923FE26A7B77900F48D97 /* QuizViewController.swift */,
				6A6923FC26A7B76500F48D97 /* ColoursViewController.swift */,
				6A8C7DDA26A53F4900777989 /* EsteeLauder2021App */,
				6A8C7DF426A53F4B00777989 /* EsteeLauder2021AppTests */,
				6A8C7DFF26A53F4B00777989 /* EsteeLauder2021AppUITests */,
				6A8C7DD926A53F4900777989 /* Products */,
			);
			sourceTree = "<group>";
		};
		6A8C7DD926A53F4900777989 /* Products */ = {
			isa = PBXGroup;
			children = (
				6A8C7DD826A53F4900777989 /* EsteeLauder2021App.app */,
				6A8C7DF126A53F4B00777989 /* EsteeLauder2021AppTests.xctest */,
				6A8C7DFC26A53F4B00777989 /* EsteeLauder2021AppUITests.xctest */,
			);
			name = Products;
			sourceTree = "<group>";
		};
		6A8C7DDA26A53F4900777989 /* EsteeLauder2021App */ = {
			isa = PBXGroup;
			children = (
				6A8C7DDB26A53F4900777989 /* AppDelegate.swift */,
				6A8C7DDD26A53F4900777989 /* SceneDelegate.swift */,
				6A8C7DDF26A53F4900777989 /* ViewController.swift */,
				6A8C7DE126A53F4900777989 /* Main.storyboard */,
				6A8C7DE726A53F4B00777989 /* Assets.xcassets */,
				6A8C7DE926A53F4B00777989 /* LaunchScreen.storyboard */,
				6A8C7DEC26A53F4B00777989 /* Info.plist */,
				6A8C7DE426A53F4900777989 /* EsteeLauder2021App.xcdatamodeld */,
			);
			path = EsteeLauder2021App;
			sourceTree = "<group>";
		};
		6A8C7DF426A53F4B00777989 /* EsteeLauder2021AppTests */ = {
			isa = PBXGroup;
			children = (
				6A8C7DF526A53F4B00777989 /* EsteeLauder2021AppTests.swift */,
				6A8C7DF726A53F4B00777989 /* Info.plist */,
			);
			path = EsteeLauder2021AppTests;
			sourceTree = "<group>";
		};
		6A8C7DFF26A53F4B00777989 /* EsteeLauder2021AppUITests */ = {
			isa = PBXGroup;
			children = (
				6A8C7E0026A53F4B00777989 /* EsteeLauder2021AppUITests.swift */,
				6A8C7E0226A53F4B00777989 /* Info.plist */,
			);
			path = EsteeLauder2021AppUITests;
			sourceTree = "<group>";
		};
/* End PBXGroup section */

/* Begin PBXNativeTarget section */
		6A8C7DD726A53F4900777989 /* EsteeLauder2021App */ = {
			isa = PBXNativeTarget;
			buildConfigurationList = 6A8C7E0526A53F4B00777989 /* Build configuration list for PBXNativeTarget "EsteeLauder2021App" */;
			buildPhases = (
				6A8C7DD426A53F4900777989 /* Sources */,
				6A8C7DD526A53F4900777989 /* Frameworks */,
				6A8C7DD626A53F4900777989 /* Resources */,
			);
			buildRules = (
			);
			dependencies = (
			);
			name = EsteeLauder2021App;
			productName = EsteeLauder2021App;
			productReference = 6A8C7DD826A53F4900777989 /* EsteeLauder2021App.app */;
			productType = "com.apple.product-type.application";
		};
		6A8C7DF026A53F4B00777989 /* EsteeLauder2021AppTests */ = {
			isa = PBXNativeTarget;
			buildConfigurationList = 6A8C7E0826A53F4B00777989 /* Build configuration list for PBXNativeTarget "EsteeLauder2021AppTests" */;
			buildPhases = (
				6A8C7DED26A53F4B00777989 /* Sources */,
				6A8C7DEE26A53F4B00777989 /* Frameworks */,
				6A8C7DEF26A53F4B00777989 /* Resources */,
			);
			buildRules = (
			);
			dependencies = (
				6A8C7DF326A53F4B00777989 /* PBXTargetDependency */,
			);
			name = EsteeLauder2021AppTests;
			productName = EsteeLauder2021AppTests;
			productReference = 6A8C7DF126A53F4B00777989 /* EsteeLauder2021AppTests.xctest */;
			productType = "com.apple.product-type.bundle.unit-test";
		};
		6A8C7DFB26A53F4B00777989 /* EsteeLauder2021AppUITests */ = {
			isa = PBXNativeTarget;
			buildConfigurationList = 6A8C7E0B26A53F4B00777989 /* Build configuration list for PBXNativeTarget "EsteeLauder2021AppUITests" */;
			buildPhases = (
				6A8C7DF826A53F4B00777989 /* Sources */,
				6A8C7DF926A53F4B00777989 /* Frameworks */,
				6A8C7DFA26A53F4B00777989 /* Resources */,
			);
			buildRules = (
			);
			dependencies = (
				6A8C7DFE26A53F4B00777989 /* PBXTargetDependency */,
			);
			name = EsteeLauder2021AppUITests;
			productName = EsteeLauder2021AppUITests;
			productReference = 6A8C7DFC26A53F4B00777989 /* EsteeLauder2021AppUITests.xctest */;
			productType = "com.apple.product-type.bundle.ui-testing";
		};
/* End PBXNativeTarget section */

/* Begin PBXProject section */
		6A8C7DD026A53F4900777989 /* Project object */ = {
			isa = PBXProject;
			attributes = {
				LastSwiftUpdateCheck = 1250;
				LastUpgradeCheck = 1250;
				TargetAttributes = {
					6A8C7DD726A53F4900777989 = {
						CreatedOnToolsVersion = 12.5.1;
					};
					6A8C7DF026A53F4B00777989 = {
						CreatedOnToolsVersion = 12.5.1;
						TestTargetID = 6A8C7DD726A53F4900777989;
					};
					6A8C7DFB26A53F4B00777989 = {
						CreatedOnToolsVersion = 12.5.1;
						TestTargetID = 6A8C7DD726A53F4900777989;
					};
				};
			};
			buildConfigurationList = 6A8C7DD326A53F4900777989 /* Build configuration list for PBXProject "EsteeLauder2021App" */;
			compatibilityVersion = "Xcode 9.3";
			developmentRegion = en;
			hasScannedForEncodings = 0;
			knownRegions = (
				en,
				Base,
			);
			mainGroup = 6A8C7DCF26A53F4900777989;
			productRefGroup = 6A8C7DD926A53F4900777989 /* Products */;
			projectDirPath = "";
			projectRoot = "";
			targets = (
				6A8C7DD726A53F4900777989 /* EsteeLauder2021App */,
				6A8C7DF026A53F4B00777989 /* EsteeLauder2021AppTests */,
				6A8C7DFB26A53F4B00777989 /* EsteeLauder2021AppUITests */,
			);
		};
/* End PBXProject section */

/* Begin PBXResourcesBuildPhase section */
		6A8C7DD626A53F4900777989 /* Resources */ = {
			isa = PBXResourcesBuildPhase;
			buildActionMask = 2147483647;
			files = (
				6A8C7DEB26A53F4B00777989 /* LaunchScreen.storyboard in Resources */,
				6A8C7DE826A53F4B00777989 /* Assets.xcassets in Resources */,
				6A8C7DE326A53F4900777989 /* Main.storyboard in Resources */,
			);
			runOnlyForDeploymentPostprocessing = 0;
		};
		6A8C7DEF26A53F4B00777989 /* Resources */ = {
			isa = PBXResourcesBuildPhase;
			buildActionMask = 2147483647;
			files = (
			);
			runOnlyForDeploymentPostprocessing = 0;
		};
		6A8C7DFA26A53F4B00777989 /* Resources */ = {
			isa = PBXResourcesBuildPhase;
			buildActionMask = 2147483647;
			files = (
			);
			runOnlyForDeploymentPostprocessing = 0;
		};
/* End PBXResourcesBuildPhase section */

/* Begin PBXSourcesBuildPhase section */
		6A8C7DD426A53F4900777989 /* Sources */ = {
			isa = PBXSourcesBuildPhase;
			buildActionMask = 2147483647;
			files = (
				6A8C7DE626A53F4900777989 /* EsteeLauder2021App.xcdatamodeld in Sources */,
				6A8C7DE026A53F4900777989 /* ViewController.swift in Sources */,
				6A6923FD26A7B76500F48D97 /* ColoursViewController.swift in Sources */,
				6A6923FF26A7B77900F48D97 /* QuizViewController.swift in Sources */,
				6A8C7DDC26A53F4900777989 /* AppDelegate.swift in Sources */,
				6A8C7DDE26A53F4900777989 /* SceneDelegate.swift in Sources */,
			);
			runOnlyForDeploymentPostprocessing = 0;
		};
		6A8C7DED26A53F4B00777989 /* Sources */ = {
			isa = PBXSourcesBuildPhase;
			buildActionMask = 2147483647;
			files = (
				6A8C7DF626A53F4B00777989 /* EsteeLauder2021AppTests.swift in Sources */,
			);
			runOnlyForDeploymentPostprocessing = 0;
		};
		6A8C7DF826A53F4B00777989 /* Sources */ = {
			isa = PBXSourcesBuildPhase;
			buildActionMask = 2147483647;
			files = (
				6A8C7E0126A53F4B00777989 /* EsteeLauder2021AppUITests.swift in Sources */,
			);
			runOnlyForDeploymentPostprocessing = 0;
		};
/* End PBXSourcesBuildPhase section */

/* Begin PBXTargetDependency section */
		6A8C7DF326A53F4B00777989 /* PBXTargetDependency */ = {
			isa = PBXTargetDependency;
			target = 6A8C7DD726A53F4900777989 /* EsteeLauder2021App */;
			targetProxy = 6A8C7DF226A53F4B00777989 /* PBXContainerItemProxy */;
		};
		6A8C7DFE26A53F4B00777989 /* PBXTargetDependency */ = {
			isa = PBXTargetDependency;
			target = 6A8C7DD726A53F4900777989 /* EsteeLauder2021App */;
			targetProxy = 6A8C7DFD26A53F4B00777989 /* PBXContainerItemProxy */;
		};
/* End PBXTargetDependency section */

/* Begin PBXVariantGroup section */
		6A8C7DE126A53F4900777989 /* Main.storyboard */ = {
			isa = PBXVariantGroup;
			children = (
				6A8C7DE226A53F4900777989 /* Base */,
			);
			name = Main.storyboard;
			sourceTree = "<group>";
		};
		6A8C7DE926A53F4B00777989 /* LaunchScreen.storyboard */ = {
			isa = PBXVariantGroup;
			children = (
				6A8C7DEA26A53F4B00777989 /* Base */,
			);
			name = LaunchScreen.storyboard;
			sourceTree = "<group>";
		};
/* End PBXVariantGroup section */

/* Begin XCBuildConfiguration section */
		6A8C7E0326A53F4B00777989 /* Debug */ = {
			isa = XCBuildConfiguration;
			buildSettings = {
				ALWAYS_SEARCH_USER_PATHS = NO;
				CLANG_ANALYZER_NONNULL = YES;
				CLANG_ANALYZER_NUMBER_OBJECT_CONVERSION = YES_AGGRESSIVE;
				CLANG_CXX_LANGUAGE_STANDARD = "gnu++14";
				CLANG_CXX_LIBRARY = "libc++";
				CLANG_ENABLE_MODULES = YES;
				CLANG_ENABLE_OBJC_ARC = YES;
				CLANG_ENABLE_OBJC_WEAK = YES;
				CLANG_WARN_BLOCK_CAPTURE_AUTORELEASING = YES;
				CLANG_WARN_BOOL_CONVERSION = YES;
				CLANG_WARN_COMMA = YES;
				CLANG_WARN_CONSTANT_CONVERSION = YES;
				CLANG_WARN_DEPRECATED_OBJC_IMPLEMENTATIONS = YES;
				CLANG_WARN_DIRECT_OBJC_ISA_USAGE = YES_ERROR;
				CLANG_WARN_DOCUMENTATION_COMMENTS = YES;
				CLANG_WARN_EMPTY_BODY = YES;
				CLANG_WARN_ENUM_CONVERSION = YES;
				CLANG_WARN_INFINITE_RECURSION = YES;
				CLANG_WARN_INT_CONVERSION = YES;
				CLANG_WARN_NON_LITERAL_NULL_CONVERSION = YES;
				CLANG_WARN_OBJC_IMPLICIT_RETAIN_SELF = YES;
				CLANG_WARN_OBJC_LITERAL_CONVERSION = YES;
				CLANG_WARN_OBJC_ROOT_CLASS = YES_ERROR;
				CLANG_WARN_QUOTED_INCLUDE_IN_FRAMEWORK_HEADER = YES;
				CLANG_WARN_RANGE_LOOP_ANALYSIS = YES;
				CLANG_WARN_STRICT_PROTOTYPES = YES;
				CLANG_WARN_SUSPICIOUS_MOVE = YES;
				CLANG_WARN_UNGUARDED_AVAILABILITY = YES_AGGRESSIVE;
				CLANG_WARN_UNREACHABLE_CODE = YES;
				CLANG_WARN__DUPLICATE_METHOD_MATCH = YES;
				COPY_PHASE_STRIP = NO;
				DEBUG_INFORMATION_FORMAT = dwarf;
				ENABLE_STRICT_OBJC_MSGSEND = YES;
				ENABLE_TESTABILITY = YES;
				GCC_C_LANGUAGE_STANDARD = gnu11;
				GCC_DYNAMIC_NO_PIC = NO;
				GCC_NO_COMMON_BLOCKS = YES;
				GCC_OPTIMIZATION_LEVEL = 0;
				GCC_PREPROCESSOR_DEFINITIONS = (
					"DEBUG=1",
					"$(inherited)",
				);
				GCC_WARN_64_TO_32_BIT_CONVERSION = YES;
				GCC_WARN_ABOUT_RETURN_TYPE = YES_ERROR;
				GCC_WARN_UNDECLARED_SELECTOR = YES;
				GCC_WARN_UNINITIALIZED_AUTOS = YES_AGGRESSIVE;
				GCC_WARN_UNUSED_FUNCTION = YES;
				GCC_WARN_UNUSED_VARIABLE = YES;
				IPHONEOS_DEPLOYMENT_TARGET = 14.5;
				MTL_ENABLE_DEBUG_INFO = INCLUDE_SOURCE;
				MTL_FAST_MATH = YES;
				ONLY_ACTIVE_ARCH = YES;
				SDKROOT = iphoneos;
				SWIFT_ACTIVE_COMPILATION_CONDITIONS = DEBUG;
				SWIFT_OPTIMIZATION_LEVEL = "-Onone";
			};
			name = Debug;
		};
		6A8C7E0426A53F4B00777989 /* Release */ = {
			isa = XCBuildConfiguration;
			buildSettings = {
				ALWAYS_SEARCH_USER_PATHS = NO;
				CLANG_ANALYZER_NONNULL = YES;
				CLANG_ANALYZER_NUMBER_OBJECT_CONVERSION = YES_AGGRESSIVE;
				CLANG_CXX_LANGUAGE_STANDARD = "gnu++14";
				CLANG_CXX_LIBRARY = "libc++";
				CLANG_ENABLE_MODULES = YES;
				CLANG_ENABLE_OBJC_ARC = YES;
				CLANG_ENABLE_OBJC_WEAK = YES;
				CLANG_WARN_BLOCK_CAPTURE_AUTORELEASING = YES;
				CLANG_WARN_BOOL_CONVERSION = YES;
				CLANG_WARN_COMMA = YES;
				CLANG_WARN_CONSTANT_CONVERSION = YES;
				CLANG_WARN_DEPRECATED_OBJC_IMPLEMENTATIONS = YES;
				CLANG_WARN_DIRECT_OBJC_ISA_USAGE = YES_ERROR;
				CLANG_WARN_DOCUMENTATION_COMMENTS = YES;
				CLANG_WARN_EMPTY_BODY = YES;
				CLANG_WARN_ENUM_CONVERSION = YES;
				CLANG_WARN_INFINITE_RECURSION = YES;
				CLANG_WARN_INT_CONVERSION = YES;
				CLANG_WARN_NON_LITERAL_NULL_CONVERSION = YES;
				CLANG_WARN_OBJC_IMPLICIT_RETAIN_SELF = YES;
				CLANG_WARN_OBJC_LITERAL_CONVERSION = YES;
				CLANG_WARN_OBJC_ROOT_CLASS = YES_ERROR;
				CLANG_WARN_QUOTED_INCLUDE_IN_FRAMEWORK_HEADER = YES;
				CLANG_WARN_RANGE_LOOP_ANALYSIS = YES;
				CLANG_WARN_STRICT_PROTOTYPES = YES;
				CLANG_WARN_SUSPICIOUS_MOVE = YES;
				CLANG_WARN_UNGUARDED_AVAILABILITY = YES_AGGRESSIVE;
				CLANG_WARN_UNREACHABLE_CODE = YES;
				CLANG_WARN__DUPLICATE_METHOD_MATCH = YES;
				COPY_PHASE_STRIP = NO;
				DEBUG_INFORMATION_FORMAT = "dwarf-with-dsym";
				ENABLE_NS_ASSERTIONS = NO;
				ENABLE_STRICT_OBJC_MSGSEND = YES;
				GCC_C_LANGUAGE_STANDARD = gnu11;
				GCC_NO_COMMON_BLOCKS = YES;
				GCC_WARN_64_TO_32_BIT_CONVERSION = YES;
				GCC_WARN_ABOUT_RETURN_TYPE = YES_ERROR;
				GCC_WARN_UNDECLARED_SELECTOR = YES;
				GCC_WARN_UNINITIALIZED_AUTOS = YES_AGGRESSIVE;
				GCC_WARN_UNUSED_FUNCTION = YES;
				GCC_WARN_UNUSED_VARIABLE = YES;
				IPHONEOS_DEPLOYMENT_TARGET = 14.5;
				MTL_ENABLE_DEBUG_INFO = NO;
				MTL_FAST_MATH = YES;
				SDKROOT = iphoneos;
				SWIFT_COMPILATION_MODE = wholemodule;
				SWIFT_OPTIMIZATION_LEVEL = "-O";
				VALIDATE_PRODUCT = YES;
			};
			name = Release;
		};
		6A8C7E0626A53F4B00777989 /* Debug */ = {
			isa = XCBuildConfiguration;
			buildSettings = {
				ASSETCATALOG_COMPILER_APPICON_NAME = AppIcon;
				ASSETCATALOG_COMPILER_GLOBAL_ACCENT_COLOR_NAME = AccentColor;
				CODE_SIGN_STYLE = Automatic;
				INFOPLIST_FILE = EsteeLauder2021App/Info.plist;
				LD_RUNPATH_SEARCH_PATHS = (
					"$(inherited)",
					"@executable_path/Frameworks",
				);
				PRODUCT_BUNDLE_IDENTIFIER = "kwk-2021.EsteeLauder2021App";
				PRODUCT_NAME = "$(TARGET_NAME)";
				SWIFT_VERSION = 5.0;
				TARGETED_DEVICE_FAMILY = "1,2";
			};
			name = Debug;
		};
		6A8C7E0726A53F4B00777989 /* Release */ = {
			isa = XCBuildConfiguration;
			buildSettings = {
				ASSETCATALOG_COMPILER_APPICON_NAME = AppIcon;
				ASSETCATALOG_COMPILER_GLOBAL_ACCENT_COLOR_NAME = AccentColor;
				CODE_SIGN_STYLE = Automatic;
				INFOPLIST_FILE = EsteeLauder2021App/Info.plist;
				LD_RUNPATH_SEARCH_PATHS = (
					"$(inherited)",
					"@executable_path/Frameworks",
				);
				PRODUCT_BUNDLE_IDENTIFIER = "kwk-2021.EsteeLauder2021App";
				PRODUCT_NAME = "$(TARGET_NAME)";
				SWIFT_VERSION = 5.0;
				TARGETED_DEVICE_FAMILY = "1,2";
			};
			name = Release;
		};
		6A8C7E0926A53F4B00777989 /* Debug */ = {
			isa = XCBuildConfiguration;
			buildSettings = {
				ALWAYS_EMBED_SWIFT_STANDARD_LIBRARIES = YES;
				BUNDLE_LOADER = "$(TEST_HOST)";
				CODE_SIGN_STYLE = Automatic;
				INFOPLIST_FILE = EsteeLauder2021AppTests/Info.plist;
				IPHONEOS_DEPLOYMENT_TARGET = 14.5;
				LD_RUNPATH_SEARCH_PATHS = (
					"$(inherited)",
					"@executable_path/Frameworks",
					"@loader_path/Frameworks",
				);
				PRODUCT_BUNDLE_IDENTIFIER = "kwk-2021.EsteeLauder2021AppTests";
				PRODUCT_NAME = "$(TARGET_NAME)";
				SWIFT_VERSION = 5.0;
				TARGETED_DEVICE_FAMILY = "1,2";
				TEST_HOST = "$(BUILT_PRODUCTS_DIR)/EsteeLauder2021App.app/EsteeLauder2021App";
			};
			name = Debug;
		};
		6A8C7E0A26A53F4B00777989 /* Release */ = {
			isa = XCBuildConfiguration;
			buildSettings = {
				ALWAYS_EMBED_SWIFT_STANDARD_LIBRARIES = YES;
				BUNDLE_LOADER = "$(TEST_HOST)";
				CODE_SIGN_STYLE = Automatic;
				INFOPLIST_FILE = EsteeLauder2021AppTests/Info.plist;
				IPHONEOS_DEPLOYMENT_TARGET = 14.5;
				LD_RUNPATH_SEARCH_PATHS = (
					"$(inherited)",
					"@executable_path/Frameworks",
					"@loader_path/Frameworks",
				);
				PRODUCT_BUNDLE_IDENTIFIER = "kwk-2021.EsteeLauder2021AppTests";
				PRODUCT_NAME = "$(TARGET_NAME)";
				SWIFT_VERSION = 5.0;
				TARGETED_DEVICE_FAMILY = "1,2";
				TEST_HOST = "$(BUILT_PRODUCTS_DIR)/EsteeLauder2021App.app/EsteeLauder2021App";
			};
			name = Release;
		};
		6A8C7E0C26A53F4B00777989 /* Debug */ = {
			isa = XCBuildConfiguration;
			buildSettings = {
				ALWAYS_EMBED_SWIFT_STANDARD_LIBRARIES = YES;
				CODE_SIGN_STYLE = Automatic;
				INFOPLIST_FILE = EsteeLauder2021AppUITests/Info.plist;
				LD_RUNPATH_SEARCH_PATHS = (
					"$(inherited)",
					"@executable_path/Frameworks",
					"@loader_path/Frameworks",
				);
				PRODUCT_BUNDLE_IDENTIFIER = "kwk-2021.EsteeLauder2021AppUITests";
				PRODUCT_NAME = "$(TARGET_NAME)";
				SWIFT_VERSION = 5.0;
				TARGETED_DEVICE_FAMILY = "1,2";
				TEST_TARGET_NAME = EsteeLauder2021App;
			};
			name = Debug;
		};
		6A8C7E0D26A53F4B00777989 /* Release */ = {
			isa = XCBuildConfiguration;
			buildSettings = {
				ALWAYS_EMBED_SWIFT_STANDARD_LIBRARIES = YES;
				CODE_SIGN_STYLE = Automatic;
				INFOPLIST_FILE = EsteeLauder2021AppUITests/Info.plist;
				LD_RUNPATH_SEARCH_PATHS = (
					"$(inherited)",
					"@executable_path/Frameworks",
					"@loader_path/Frameworks",
				);
				PRODUCT_BUNDLE_IDENTIFIER = "kwk-2021.EsteeLauder2021AppUITests";
				PRODUCT_NAME = "$(TARGET_NAME)";
				SWIFT_VERSION = 5.0;
				TARGETED_DEVICE_FAMILY = "1,2";
				TEST_TARGET_NAME = EsteeLauder2021App;
			};
			name = Release;
		};
/* End XCBuildConfiguration section */

/* Begin XCConfigurationList section */
		6A8C7DD326A53F4900777989 /* Build configuration list for PBXProject "EsteeLauder2021App" */ = {
			isa = XCConfigurationList;
			buildConfigurations = (
				6A8C7E0326A53F4B00777989 /* Debug */,
				6A8C7E0426A53F4B00777989 /* Release */,
			);
			defaultConfigurationIsVisible = 0;
			defaultConfigurationName = Release;
		};
		6A8C7E0526A53F4B00777989 /* Build configuration list for PBXNativeTarget "EsteeLauder2021App" */ = {
			isa = XCConfigurationList;
			buildConfigurations = (
				6A8C7E0626A53F4B00777989 /* Debug */,
				6A8C7E0726A53F4B00777989 /* Release */,
			);
			defaultConfigurationIsVisible = 0;
			defaultConfigurationName = Release;
		};
		6A8C7E0826A53F4B00777989 /* Build configuration list for PBXNativeTarget "EsteeLauder2021AppTests" */ = {
			isa = XCConfigurationList;
			buildConfigurations = (
				6A8C7E0926A53F4B00777989 /* Debug */,
				6A8C7E0A26A53F4B00777989 /* Release */,
			);
			defaultConfigurationIsVisible = 0;
			defaultConfigurationName = Release;
		};
		6A8C7E0B26A53F4B00777989 /* Build configuration list for PBXNativeTarget "EsteeLauder2021AppUITests" */ = {
			isa = XCConfigurationList;
			buildConfigurations = (
				6A8C7E0C26A53F4B00777989 /* Debug */,
				6A8C7E0D26A53F4B00777989 /* Release */,
			);
			defaultConfigurationIsVisible = 0;
			defaultConfigurationName = Release;
		};
/* End XCConfigurationList section */

/* Begin XCVersionGroup section */
		6A8C7DE426A53F4900777989 /* EsteeLauder2021App.xcdatamodeld */ = {
			isa = XCVersionGroup;
			children = (
				6A8C7DE526A53F4900777989 /* EsteeLauder2021App.xcdatamodel */,
			);
			currentVersion = 6A8C7DE526A53F4900777989 /* EsteeLauder2021App.xcdatamodel */;
			path = EsteeLauder2021App.xcdatamodeld;
			sourceTree = "<group>";
			versionGroupType = wrapper.xcdatamodel;
		};
/* End XCVersionGroup section */
	};
	rootObject = 6A8C7DD026A53F4900777989 /* Project object */;
}
